
Microsoft Visual Studio Solution File, Format Version 12.00
# Visual Studio Version 16
VisualStudioVersion = 16.0.33529.622
MinimumVisualStudioVersion = 10.0.40219.1
Project("{FAE04EC0-301F-11D3-BF4B-00C04F79EFBC}") = "CPP_Lab_2", "CPP_Lab_2\CPP_Lab_2.csproj", "{82D2A0C7-A537-4FC6-BE65-9DAB0191BD57}"
EndProject
Global
	GlobalSection(SolutionConfigurationPlatforms) = preSolution
		Debug|Any CPU = Debug|Any CPU
		Release|Any CPU = Release|Any CPU
	EndGlobalSection
	GlobalSection(ProjectConfigurationPlatforms) = postSolution
		{82D2A0C7-A537-4FC6-BE65-9DAB0191BD57}.Debug|Any CPU.ActiveCfg = Debug|Any CPU
		{82D2A0C7-A537-4FC6-BE65-9DAB0191BD57}.Debug|Any CPU.Build.0 = Debug|Any CPU
		{82D2A0C7-A537-4FC6-BE65-9DAB0191BD57}.Release|Any CPU.ActiveCfg = Release|Any CPU
		{82D2A0C7-A537-4FC6-BE65-9DAB0191BD57}.Release|Any CPU.Build.0 = Release|Any CPU
	EndGlobalSection
	GlobalSection(SolutionProperties) = preSolution
		HideSolutionNode = FALSE
	EndGlobalSection
	GlobalSection(ExtensibilityGlobals) = postSolution
		SolutionGuid = {E5FF0C5A-0696-461E-90D2-5A512D6F7236}
	EndGlobalSection
EndGlobal
